
Microsoft Visual Studio Solution File, Format Version 11.00
# Visual Studio 2010
Project("{8BC9CEB8-8B4A-11D0-8D11-00A0C91BC942}") = "XScreenshot", "XScreenshot.vcxproj", "{2DA65F68-AC19-4885-89BC-FACFB0FC4AD6}"
EndProject
Project("{8BC9CEB8-8B4A-11D0-8D11-00A0C91BC942}") = "XScreenshotProxy", "XScreenshotProxy\XScreenshotProxy.vcxproj", "{BDBE28EF-ED25-42F2-8340-93E9F518E534}"
EndProject
Global
	GlobalSection(SolutionConfigurationPlatforms) = preSolution
		Debug|Win32 = Debug|Win32
		Debug|x64 = Debug|x64
		Release|Win32 = Release|Win32
		Release|x64 = Release|x64
	EndGlobalSection
	GlobalSection(ProjectConfigurationPlatforms) = postSolution
		{2DA65F68-AC19-4885-89BC-FACFB0FC4AD6}.Debug|Win32.ActiveCfg = Debug|Win32
		{2DA65F68-AC19-4885-89BC-FACFB0FC4AD6}.Debug|Win32.Build.0 = Debug|Win32
		{2DA65F68-AC19-4885-89BC-FACFB0FC4AD6}.Debug|x64.ActiveCfg = Debug|x64
		{2DA65F68-AC19-4885-89BC-FACFB0FC4AD6}.Debug|x64.Build.0 = Debug|x64
		{2DA65F68-AC19-4885-89BC-FACFB0FC4AD6}.Release|Win32.ActiveCfg = Release|Win32
		{2DA65F68-AC19-4885-89BC-FACFB0FC4AD6}.Release|Win32.Build.0 = Release|Win32
		{2DA65F68-AC19-4885-89BC-FACFB0FC4AD6}.Release|x64.ActiveCfg = Release|x64
		{2DA65F68-AC19-4885-89BC-FACFB0FC4AD6}.Release|x64.Build.0 = Release|x64
		{BDBE28EF-ED25-42F2-8340-93E9F518E534}.Debug|Win32.ActiveCfg = Debug|Win32
		{BDBE28EF-ED25-42F2-8340-93E9F518E534}.Debug|Win32.Build.0 = Debug|Win32
		{BDBE28EF-ED25-42F2-8340-93E9F518E534}.Debug|x64.ActiveCfg = Debug|x64
		{BDBE28EF-ED25-42F2-8340-93E9F518E534}.Release|Win32.ActiveCfg = Release|Win32
		{BDBE28EF-ED25-42F2-8340-93E9F518E534}.Release|Win32.Build.0 = Release|Win32
		{BDBE28EF-ED25-42F2-8340-93E9F518E534}.Release|x64.ActiveCfg = Release|x64
		{BDBE28EF-ED25-42F2-8340-93E9F518E534}.Release|x64.Build.0 = Release|x64
	EndGlobalSection
	GlobalSection(SolutionProperties) = preSolution
		HideSolutionNode = FALSE
	EndGlobalSection
EndGlobal
